
Microsoft Visual Studio Solution File, Format Version 12.00
# Visual Studio Version 16
VisualStudioVersion = 16.0.33027.164
MinimumVisualStudioVersion = 10.0.40219.1
Project("{FAE04EC0-301F-11D3-BF4B-00C04F79EFBC}") = "StartAppWinFormFrm", "StartAppWinFormFrm\StartAppWinFormFrm.csproj", "{9014CC50-2B5E-4B3B-A923-D562279EA1D6}"
EndProject
Project("{FAE04EC0-301F-11D3-BF4B-00C04F79EFBC}") = "WpfUserControlLibrary00", "WpfUserControlLibrary00\WpfUserControlLibrary00.csproj", "{D108396B-4070-41CB-A8EB-8D4C8918FFC3}"
EndProject
Global
	GlobalSection(SolutionConfigurationPlatforms) = preSolution
		Debug|Any CPU = Debug|Any CPU
		Release|Any CPU = Release|Any CPU
	EndGlobalSection
	GlobalSection(ProjectConfigurationPlatforms) = postSolution
		{9014CC50-2B5E-4B3B-A923-D562279EA1D6}.Debug|Any CPU.ActiveCfg = Debug|Any CPU
		{9014CC50-2B5E-4B3B-A923-D562279EA1D6}.Debug|Any CPU.Build.0 = Debug|Any CPU
		{9014CC50-2B5E-4B3B-A923-D562279EA1D6}.Release|Any CPU.ActiveCfg = Release|Any CPU
		{9014CC50-2B5E-4B3B-A923-D562279EA1D6}.Release|Any CPU.Build.0 = Release|Any CPU
		{D108396B-4070-41CB-A8EB-8D4C8918FFC3}.Debug|Any CPU.ActiveCfg = Debug|Any CPU
		{D108396B-4070-41CB-A8EB-8D4C8918FFC3}.Debug|Any CPU.Build.0 = Debug|Any CPU
		{D108396B-4070-41CB-A8EB-8D4C8918FFC3}.Release|Any CPU.ActiveCfg = Release|Any CPU
		{D108396B-4070-41CB-A8EB-8D4C8918FFC3}.Release|Any CPU.Build.0 = Release|Any CPU
	EndGlobalSection
	GlobalSection(SolutionProperties) = preSolution
		HideSolutionNode = FALSE
	EndGlobalSection
	GlobalSection(ExtensibilityGlobals) = postSolution
		SolutionGuid = {BA95784F-C700-4B6B-8131-F5132DBC3EF4}
	EndGlobalSection
EndGlobal
